
Microsoft Visual Studio Solution File, Format Version 12.00
# Visual Studio Version 16
VisualStudioVersion = 16.0.29306.81
MinimumVisualStudioVersion = 10.0.40219.1
Project("{FAE04EC0-301F-11D3-BF4B-00C04F79EFBC}") = "App1", "App1\App1.csproj", "{09905404-2389-417E-93E7-56449CA6490D}"
EndProject
Project("{FAE04EC0-301F-11D3-BF4B-00C04F79EFBC}") = "App2", "App2\App2.csproj", "{7E4154BC-6954-4CF0-A3D2-0CDF0D0C71E0}"
EndProject
Project("{FAE04EC0-301F-11D3-BF4B-00C04F79EFBC}") = "ClassLibrary1", "ClassLibrary1\ClassLibrary1.csproj", "{221E01AE-4428-4A2A-8910-657B69597AD5}"
EndProject
Global
	GlobalSection(SolutionConfigurationPlatforms) = preSolution
		Debug|Any CPU = Debug|Any CPU
		Release|Any CPU = Release|Any CPU
	EndGlobalSection
	GlobalSection(ProjectConfigurationPlatforms) = postSolution
		{09905404-2389-417E-93E7-56449CA6490D}.Debug|Any CPU.ActiveCfg = Debug|Any CPU
		{09905404-2389-417E-93E7-56449CA6490D}.Debug|Any CPU.Build.0 = Debug|Any CPU
		{09905404-2389-417E-93E7-56449CA6490D}.Release|Any CPU.ActiveCfg = Release|Any CPU
		{09905404-2389-417E-93E7-56449CA6490D}.Release|Any CPU.Build.0 = Release|Any CPU
		{7E4154BC-6954-4CF0-A3D2-0CDF0D0C71E0}.Debug|Any CPU.ActiveCfg = Debug|Any CPU
		{7E4154BC-6954-4CF0-A3D2-0CDF0D0C71E0}.Debug|Any CPU.Build.0 = Debug|Any CPU
		{7E4154BC-6954-4CF0-A3D2-0CDF0D0C71E0}.Release|Any CPU.ActiveCfg = Release|Any CPU
		{7E4154BC-6954-4CF0-A3D2-0CDF0D0C71E0}.Release|Any CPU.Build.0 = Release|Any CPU
		{221E01AE-4428-4A2A-8910-657B69597AD5}.Debug|Any CPU.ActiveCfg = Debug|Any CPU
		{221E01AE-4428-4A2A-8910-657B69597AD5}.Debug|Any CPU.Build.0 = Debug|Any CPU
		{221E01AE-4428-4A2A-8910-657B69597AD5}.Release|Any CPU.ActiveCfg = Release|Any CPU
		{221E01AE-4428-4A2A-8910-657B69597AD5}.Release|Any CPU.Build.0 = Release|Any CPU
	EndGlobalSection
	GlobalSection(SolutionProperties) = preSolution
		HideSolutionNode = FALSE
	EndGlobalSection
	GlobalSection(ExtensibilityGlobals) = postSolution
		SolutionGuid = {4849DB5D-0FC8-4AB2-B317-899A23EA67DC}
	EndGlobalSection
EndGlobal
